
Microsoft Visual Studio Solution File, Format Version 12.00
Project("{FAE04EC0-301F-11D3-BF4B-00C04F79EFBC}") = "Server", "Server\Server.csproj", "{10625998-FF4D-4E7B-A500-8A5EC07595CE}"
EndProject
Project("{FAE04EC0-301F-11D3-BF4B-00C04F79EFBC}") = "Core", "Core\Core.csproj", "{2A2DBC43-3D47-4DC7-9B13-D67A03711C7E}"
EndProject
Project("{FAE04EC0-301F-11D3-BF4B-00C04F79EFBC}") = "Bot", "Bot\Bot.csproj", "{33860EA0-302C-4EF3-8AA3-1B268DC5DFCF}"
EndProject
Global
	GlobalSection(SolutionConfigurationPlatforms) = preSolution
		Debug|Any CPU = Debug|Any CPU
		Release|Any CPU = Release|Any CPU
	EndGlobalSection
	GlobalSection(ProjectConfigurationPlatforms) = postSolution
		{10625998-FF4D-4E7B-A500-8A5EC07595CE}.Debug|Any CPU.ActiveCfg = Debug|Any CPU
		{10625998-FF4D-4E7B-A500-8A5EC07595CE}.Debug|Any CPU.Build.0 = Debug|Any CPU
		{10625998-FF4D-4E7B-A500-8A5EC07595CE}.Release|Any CPU.ActiveCfg = Release|Any CPU
		{10625998-FF4D-4E7B-A500-8A5EC07595CE}.Release|Any CPU.Build.0 = Release|Any CPU
		{2A2DBC43-3D47-4DC7-9B13-D67A03711C7E}.Debug|Any CPU.ActiveCfg = Debug|Any CPU
		{2A2DBC43-3D47-4DC7-9B13-D67A03711C7E}.Debug|Any CPU.Build.0 = Debug|Any CPU
		{2A2DBC43-3D47-4DC7-9B13-D67A03711C7E}.Release|Any CPU.ActiveCfg = Release|Any CPU
		{2A2DBC43-3D47-4DC7-9B13-D67A03711C7E}.Release|Any CPU.Build.0 = Release|Any CPU
		{33860EA0-302C-4EF3-8AA3-1B268DC5DFCF}.Debug|Any CPU.ActiveCfg = Debug|Any CPU
		{33860EA0-302C-4EF3-8AA3-1B268DC5DFCF}.Debug|Any CPU.Build.0 = Debug|Any CPU
		{33860EA0-302C-4EF3-8AA3-1B268DC5DFCF}.Release|Any CPU.ActiveCfg = Release|Any CPU
		{33860EA0-302C-4EF3-8AA3-1B268DC5DFCF}.Release|Any CPU.Build.0 = Release|Any CPU
	EndGlobalSection
EndGlobal
